<?xml version="1.0" encoding="utf-8"?>
<Project ToolsVersion="4.0" xmlns="http://schemas.microsoft.com/developer/msbuild/2003">
  <ItemGroup>
    <Filter Include="Source Files">
      <UniqueIdentifier>{4FC737F1-C7A5-4376-A066-2A32D752A2FF}</UniqueIdentifier>
      <Extensions>cpp;cxx;c;def</Extensions>
    </Filter>
    <Filter Include="Header Files">
      <UniqueIdentifier>{93995380-89BD-4b04-88EB-625FBE52EBFB}</UniqueIdentifier>
      <Extensions>h</Extensions>
    </Filter>
    <Filter Include="Form Files">
      <UniqueIdentifier>{99349809-55BA-4b9d-BF79-8FDBB0286EB3}</UniqueIdentifier>
      <Extensions>ui</Extensions>
    </Filter>
    <Filter Include="Resource Files">
      <UniqueIdentifier>{D9D6E242-F8AF-46E4-B9FD-80ECBC20BA3E}</UniqueIdentifier>
      <Extensions>qrc;*</Extensions>
      <ParseFiles>false</ParseFiles>
    </Filter>
    <Filter Include="Generated Files">
      <UniqueIdentifier>{71ED8ED8-ACB9-4CE9-BBE1-E00B30144E11}</UniqueIdentifier>
      <Extensions>moc;h;cpp</Extensions>
      <SourceControlFiles>False</SourceControlFiles>
    </Filter>
    <Filter Include="Generated Files\Debug">
      <UniqueIdentifier>{10a624a2-dacc-40ee-a720-c9421e5a7062}</UniqueIdentifier>
      <Extensions>cpp;moc</Extensions>
      <SourceControlFiles>False</SourceControlFiles>
    </Filter>
    <Filter Include="Generated Files\Release">
      <UniqueIdentifier>{50577624-447f-4a6e-bc3d-85f3446631d8}</UniqueIdentifier>
      <Extensions>cpp;moc</Extensions>
      <SourceControlFiles>False</SourceControlFiles>
    </Filter>
    <Filter Include="dlib">
      <UniqueIdentifier>{29398cae-9528-48af-8533-10395df7455b}</UniqueIdentifier>
    </Filter>
    <Filter Include="opencv">
      <UniqueIdentifier>{f4096b04-e99c-4948-94d5-f0fb9fc12ab5}</UniqueIdentifier>
    </Filter>
    <Filter Include="normalize">
      <UniqueIdentifier>{e9c153fa-c13e-4979-8087-59d30025b952}</UniqueIdentifier>
    </Filter>
  </ItemGroup>
  <ItemGroup>
    <ClCompile Include="main.cpp">
      <Filter>Source Files</Filter>
    </ClCompile>
    <ClCompile Include="gridface.cpp">
      <Filter>Source Files</Filter>
    </ClCompile>
    <ClCompile Include="GeneratedFiles\Debug\moc_gridface.cpp">
      <Filter>Generated Files\Debug</Filter>
    </ClCompile>
    <ClCompile Include="GeneratedFiles\Release\moc_gridface.cpp">
      <Filter>Generated Files\Release</Filter>
    </ClCompile>
    <ClCompile Include="GeneratedFiles\qrc_gridface.cpp">
      <Filter>Generated Files</Filter>
    </ClCompile>
    <ClCompile Include="MyImage.cpp">
      <Filter>Source Files</Filter>
    </ClCompile>
    <ClCompile Include="dlib\source.cpp">
      <Filter>dlib</Filter>
    </ClCompile>
    <ClCompile Include="normalize\C_BADGER.cpp">
      <Filter>normalize</Filter>
    </ClCompile>
    <ClCompile Include="normalize\MSR.cpp">
      <Filter>normalize</Filter>
    </ClCompile>
    <ClCompile Include="normalize\SLRMSR.cpp">
      <Filter>normalize</Filter>
    </ClCompile>
  </ItemGroup>
  <ItemGroup>
    <CustomBuild Include="gridface.h">
      <Filter>Header Files</Filter>
    </CustomBuild>
    <CustomBuild Include="gridface.ui">
      <Filter>Form Files</Filter>
    </CustomBuild>
    <CustomBuild Include="gridface.qrc">
      <Filter>Resource Files</Filter>
    </CustomBuild>
  </ItemGroup>
  <ItemGroup>
    <ClInclude Include="GeneratedFiles\ui_gridface.h">
      <Filter>Generated Files</Filter>
    </ClInclude>
    <ClInclude Include="MyImage.h">
      <Filter>Header Files</Filter>
    </ClInclude>
    <ClInclude Include="normalize\C_BADGER.h">
      <Filter>normalize</Filter>
    </ClInclude>
    <ClInclude Include="normalize\MSR.h">
      <Filter>normalize</Filter>
    </ClInclude>
    <ClInclude Include="normalize\SLRMSR.h">
      <Filter>normalize</Filter>
    </ClInclude>
  </ItemGroup>
  <ItemGroup>
    <None Include="dlib\shape_predictor_68_face_landmarks.dat">
      <Filter>dlib</Filter>
    </None>
    <None Include="w2c.yml">
      <Filter>Source Files</Filter>
    </None>
  </ItemGroup>
  <ItemGroup>
    <Xml Include="opencv\haarcascade_eye.xml">
      <Filter>opencv</Filter>
    </Xml>
    <Xml Include="opencv\haarcascade_frontalface_alt.xml">
      <Filter>opencv</Filter>
    </Xml>
  </ItemGroup>
</Project>